
Microsoft Visual Studio Solution File, Format Version 12.00
# Visual Studio Version 16
VisualStudioVersion = 16.0.29911.84
MinimumVisualStudioVersion = 10.0.40219.1
Project("{FAE04EC0-301F-11D3-BF4B-00C04F79EFBC}") = "HA.Android", "HA\HA.Android\HA.Android.csproj", "{AC16E828-6F03-4D53-BB64-3BD1B2793754}"
EndProject
Project("{FAE04EC0-301F-11D3-BF4B-00C04F79EFBC}") = "HA.iOS", "HA\HA.iOS\HA.iOS.csproj", "{1AEDC5EC-9666-4BB4-9E4F-DDA196986327}"
EndProject
Project("{9A19103F-16F7-4668-BE54-9A1E7A4F7556}") = "HA", "HA\HA\HA.csproj", "{01B2477D-0FD2-4AE3-A12A-D7996295B2A6}"
EndProject
Global
	GlobalSection(SolutionConfigurationPlatforms) = preSolution
		Debug|Any CPU = Debug|Any CPU
		Debug|iPhone = Debug|iPhone
		Debug|iPhoneSimulator = Debug|iPhoneSimulator
		Release|Any CPU = Release|Any CPU
		Release|iPhone = Release|iPhone
		Release|iPhoneSimulator = Release|iPhoneSimulator
	EndGlobalSection
	GlobalSection(ProjectConfigurationPlatforms) = postSolution
		{AC16E828-6F03-4D53-BB64-3BD1B2793754}.Debug|Any CPU.ActiveCfg = Debug|Any CPU
		{AC16E828-6F03-4D53-BB64-3BD1B2793754}.Debug|Any CPU.Build.0 = Debug|Any CPU
		{AC16E828-6F03-4D53-BB64-3BD1B2793754}.Debug|Any CPU.Deploy.0 = Debug|Any CPU
		{AC16E828-6F03-4D53-BB64-3BD1B2793754}.Debug|iPhone.ActiveCfg = Debug|Any CPU
		{AC16E828-6F03-4D53-BB64-3BD1B2793754}.Debug|iPhone.Build.0 = Debug|Any CPU
		{AC16E828-6F03-4D53-BB64-3BD1B2793754}.Debug|iPhone.Deploy.0 = Debug|Any CPU
		{AC16E828-6F03-4D53-BB64-3BD1B2793754}.Debug|iPhoneSimulator.ActiveCfg = Debug|Any CPU
		{AC16E828-6F03-4D53-BB64-3BD1B2793754}.Debug|iPhoneSimulator.Build.0 = Debug|Any CPU
		{AC16E828-6F03-4D53-BB64-3BD1B2793754}.Debug|iPhoneSimulator.Deploy.0 = Debug|Any CPU
		{AC16E828-6F03-4D53-BB64-3BD1B2793754}.Release|Any CPU.ActiveCfg = Release|Any CPU
		{AC16E828-6F03-4D53-BB64-3BD1B2793754}.Release|Any CPU.Build.0 = Release|Any CPU
		{AC16E828-6F03-4D53-BB64-3BD1B2793754}.Release|Any CPU.Deploy.0 = Release|Any CPU
		{AC16E828-6F03-4D53-BB64-3BD1B2793754}.Release|iPhone.ActiveCfg = Release|Any CPU
		{AC16E828-6F03-4D53-BB64-3BD1B2793754}.Release|iPhone.Build.0 = Release|Any CPU
		{AC16E828-6F03-4D53-BB64-3BD1B2793754}.Release|iPhone.Deploy.0 = Release|Any CPU
		{AC16E828-6F03-4D53-BB64-3BD1B2793754}.Release|iPhoneSimulator.ActiveCfg = Release|Any CPU
		{AC16E828-6F03-4D53-BB64-3BD1B2793754}.Release|iPhoneSimulator.Build.0 = Release|Any CPU
		{AC16E828-6F03-4D53-BB64-3BD1B2793754}.Release|iPhoneSimulator.Deploy.0 = Release|Any CPU
		{1AEDC5EC-9666-4BB4-9E4F-DDA196986327}.Debug|Any CPU.ActiveCfg = Debug|iPhone
		{1AEDC5EC-9666-4BB4-9E4F-DDA196986327}.Debug|Any CPU.Build.0 = Debug|iPhone
		{1AEDC5EC-9666-4BB4-9E4F-DDA196986327}.Debug|Any CPU.Deploy.0 = Debug|iPhone
		{1AEDC5EC-9666-4BB4-9E4F-DDA196986327}.Debug|iPhone.ActiveCfg = Debug|iPhone
		{1AEDC5EC-9666-4BB4-9E4F-DDA196986327}.Debug|iPhone.Build.0 = Debug|iPhone
		{1AEDC5EC-9666-4BB4-9E4F-DDA196986327}.Debug|iPhone.Deploy.0 = Debug|iPhone
		{1AEDC5EC-9666-4BB4-9E4F-DDA196986327}.Debug|iPhoneSimulator.ActiveCfg = Debug|iPhoneSimulator
		{1AEDC5EC-9666-4BB4-9E4F-DDA196986327}.Debug|iPhoneSimulator.Build.0 = Debug|iPhoneSimulator
		{1AEDC5EC-9666-4BB4-9E4F-DDA196986327}.Debug|iPhoneSimulator.Deploy.0 = Debug|iPhoneSimulator
		{1AEDC5EC-9666-4BB4-9E4F-DDA196986327}.Release|Any CPU.ActiveCfg = Release|iPhone
		{1AEDC5EC-9666-4BB4-9E4F-DDA196986327}.Release|Any CPU.Build.0 = Release|iPhone
		{1AEDC5EC-9666-4BB4-9E4F-DDA196986327}.Release|Any CPU.Deploy.0 = Release|iPhone
		{1AEDC5EC-9666-4BB4-9E4F-DDA196986327}.Release|iPhone.ActiveCfg = Release|iPhone
		{1AEDC5EC-9666-4BB4-9E4F-DDA196986327}.Release|iPhone.Build.0 = Release|iPhone
		{1AEDC5EC-9666-4BB4-9E4F-DDA196986327}.Release|iPhone.Deploy.0 = Release|iPhone
		{1AEDC5EC-9666-4BB4-9E4F-DDA196986327}.Release|iPhoneSimulator.ActiveCfg = Release|iPhoneSimulator
		{1AEDC5EC-9666-4BB4-9E4F-DDA196986327}.Release|iPhoneSimulator.Build.0 = Release|iPhoneSimulator
		{1AEDC5EC-9666-4BB4-9E4F-DDA196986327}.Release|iPhoneSimulator.Deploy.0 = Release|iPhoneSimulator
		{01B2477D-0FD2-4AE3-A12A-D7996295B2A6}.Debug|Any CPU.ActiveCfg = Debug|Any CPU
		{01B2477D-0FD2-4AE3-A12A-D7996295B2A6}.Debug|Any CPU.Build.0 = Debug|Any CPU
		{01B2477D-0FD2-4AE3-A12A-D7996295B2A6}.Debug|Any CPU.Deploy.0 = Debug|Any CPU
		{01B2477D-0FD2-4AE3-A12A-D7996295B2A6}.Debug|iPhone.ActiveCfg = Debug|Any CPU
		{01B2477D-0FD2-4AE3-A12A-D7996295B2A6}.Debug|iPhone.Build.0 = Debug|Any CPU
		{01B2477D-0FD2-4AE3-A12A-D7996295B2A6}.Debug|iPhone.Deploy.0 = Debug|Any CPU
		{01B2477D-0FD2-4AE3-A12A-D7996295B2A6}.Debug|iPhoneSimulator.ActiveCfg = Debug|Any CPU
		{01B2477D-0FD2-4AE3-A12A-D7996295B2A6}.Debug|iPhoneSimulator.Build.0 = Debug|Any CPU
		{01B2477D-0FD2-4AE3-A12A-D7996295B2A6}.Debug|iPhoneSimulator.Deploy.0 = Debug|Any CPU
		{01B2477D-0FD2-4AE3-A12A-D7996295B2A6}.Release|Any CPU.ActiveCfg = Release|Any CPU
		{01B2477D-0FD2-4AE3-A12A-D7996295B2A6}.Release|Any CPU.Build.0 = Release|Any CPU
		{01B2477D-0FD2-4AE3-A12A-D7996295B2A6}.Release|Any CPU.Deploy.0 = Release|Any CPU
		{01B2477D-0FD2-4AE3-A12A-D7996295B2A6}.Release|iPhone.ActiveCfg = Release|Any CPU
		{01B2477D-0FD2-4AE3-A12A-D7996295B2A6}.Release|iPhone.Build.0 = Release|Any CPU
		{01B2477D-0FD2-4AE3-A12A-D7996295B2A6}.Release|iPhone.Deploy.0 = Release|Any CPU
		{01B2477D-0FD2-4AE3-A12A-D7996295B2A6}.Release|iPhoneSimulator.ActiveCfg = Release|Any CPU
		{01B2477D-0FD2-4AE3-A12A-D7996295B2A6}.Release|iPhoneSimulator.Build.0 = Release|Any CPU
		{01B2477D-0FD2-4AE3-A12A-D7996295B2A6}.Release|iPhoneSimulator.Deploy.0 = Release|Any CPU
	EndGlobalSection
	GlobalSection(SolutionProperties) = preSolution
		HideSolutionNode = FALSE
	EndGlobalSection
	GlobalSection(ExtensibilityGlobals) = postSolution
		SolutionGuid = {3D3B7B89-526C-4DF8-9B15-F630D828AF69}
	EndGlobalSection
EndGlobal
